
Microsoft Visual Studio Solution File, Format Version 12.00
# Visual Studio Version 17
VisualStudioVersion = 17.5.002.0
MinimumVisualStudioVersion = 10.0.40219.1
Project("{9A19103F-16F7-4668-BE54-9A1E7A4F7556}") = "ProjectName", "ProjectName\ProjectName.csproj", "{0C62B528-3AFD-4D61-94FA-A2C3771E90C2}"
EndProject
Project("{9A19103F-16F7-4668-BE54-9A1E7A4F7556}") = "ProjectName.Tests", "ProjectName.Tests\ProjectName.Tests.csproj", "{529E0D45-4B30-4F43-A346-4F1FF6FB3E76}"
EndProject
Global
	GlobalSection(SolutionConfigurationPlatforms) = preSolution
		Debug|Any CPU = Debug|Any CPU
		Release|Any CPU = Release|Any CPU
	EndGlobalSection
	GlobalSection(ProjectConfigurationPlatforms) = postSolution
		{0C62B528-3AFD-4D61-94FA-A2C3771E90C2}.Debug|Any CPU.ActiveCfg = Debug|Any CPU
		{0C62B528-3AFD-4D61-94FA-A2C3771E90C2}.Debug|Any CPU.Build.0 = Debug|Any CPU
		{0C62B528-3AFD-4D61-94FA-A2C3771E90C2}.Release|Any CPU.ActiveCfg = Release|Any CPU
		{0C62B528-3AFD-4D61-94FA-A2C3771E90C2}.Release|Any CPU.Build.0 = Release|Any CPU
		{529E0D45-4B30-4F43-A346-4F1FF6FB3E76}.Debug|Any CPU.ActiveCfg = Debug|Any CPU
		{529E0D45-4B30-4F43-A346-4F1FF6FB3E76}.Debug|Any CPU.Build.0 = Debug|Any CPU
		{529E0D45-4B30-4F43-A346-4F1FF6FB3E76}.Release|Any CPU.ActiveCfg = Release|Any CPU
		{529E0D45-4B30-4F43-A346-4F1FF6FB3E76}.Release|Any CPU.Build.0 = Release|Any CPU
	EndGlobalSection
	GlobalSection(SolutionProperties) = preSolution
		HideSolutionNode = FALSE
	EndGlobalSection
	GlobalSection(ExtensibilityGlobals) = postSolution
		SolutionGuid = {526CC4DD-A19E-40E6-BD78-0BAD97B4AA6A}
	EndGlobalSection
EndGlobal
